Microsoft Visual Studio Solution File, Format Version 11.00
# Visual Studio 2019

Project("{8BC9CEB8-8B4A-11D0-8D11-00A0C91BC942}") = "Cycling Panner - Standalone Plugin", "Cycling Panner_StandalonePlugin.vcxproj", "{43CCD30E-B814-A620-DF08-57FF32E4E9C6}"
	ProjectSection(ProjectDependencies) = postProject
		{CC0CA950-6CDB-D81F-51F5-B80D83335F5A} = {CC0CA950-6CDB-D81F-51F5-B80D83335F5A}
	EndProjectSection
EndProject
Project("{8BC9CEB8-8B4A-11D0-8D11-00A0C91BC942}") = "Cycling Panner - VST3", "Cycling Panner_VST3.vcxproj", "{CC2A5BF3-362F-232C-935D-C474E63F31FD}"
	ProjectSection(ProjectDependencies) = postProject
		{CC0CA950-6CDB-D81F-51F5-B80D83335F5A} = {CC0CA950-6CDB-D81F-51F5-B80D83335F5A}
	EndProjectSection
EndProject
Project("{8BC9CEB8-8B4A-11D0-8D11-00A0C91BC942}") = "Cycling Panner - Shared Code", "Cycling Panner_SharedCode.vcxproj", "{CC0CA950-6CDB-D81F-51F5-B80D83335F5A}"
EndProject
Global
	GlobalSection(SolutionConfigurationPlatforms) = preSolution
		Debug|x64 = Debug|x64
		Release|x64 = Release|x64
	EndGlobalSection
	GlobalSection(ProjectConfigurationPlatforms) = postSolution
		{CC2A5BF3-362F-232C-935D-C474E63F31FD}.Debug|x64.ActiveCfg = Debug|x64
		{CC2A5BF3-362F-232C-935D-C474E63F31FD}.Debug|x64.Build.0 = Debug|x64
		{CC2A5BF3-362F-232C-935D-C474E63F31FD}.Release|x64.ActiveCfg = Release|x64
		{CC2A5BF3-362F-232C-935D-C474E63F31FD}.Release|x64.Build.0 = Release|x64
		{43CCD30E-B814-A620-DF08-57FF32E4E9C6}.Debug|x64.ActiveCfg = Debug|x64
		{43CCD30E-B814-A620-DF08-57FF32E4E9C6}.Debug|x64.Build.0 = Debug|x64
		{43CCD30E-B814-A620-DF08-57FF32E4E9C6}.Release|x64.ActiveCfg = Release|x64
		{43CCD30E-B814-A620-DF08-57FF32E4E9C6}.Release|x64.Build.0 = Release|x64
		{CC0CA950-6CDB-D81F-51F5-B80D83335F5A}.Debug|x64.ActiveCfg = Debug|x64
		{CC0CA950-6CDB-D81F-51F5-B80D83335F5A}.Debug|x64.Build.0 = Debug|x64
		{CC0CA950-6CDB-D81F-51F5-B80D83335F5A}.Release|x64.ActiveCfg = Release|x64
		{CC0CA950-6CDB-D81F-51F5-B80D83335F5A}.Release|x64.Build.0 = Release|x64
	EndGlobalSection
	GlobalSection(SolutionProperties) = preSolution
		HideSolutionNode = FALSE
	EndGlobalSection
EndGlobal
